{
  "schemaVersion": 1,
  "pack": {
    "name": "21st-design-runtime",
    "version": "1.0.1",
    "source": "https://github.com/21st-dev/21st/tree/main/distribution/source"
  },
  "installations": [
    {
      "name": "21st-cli-use",
      "version": "1.0.1",
      "hash": "88ff054abb4334a5095462dd20b5c4ec214c9b99f3256eae60dadb384d136bca",
      "owner": "21st.dev",
      "license": "MIT",
      "source": "https://github.com/21st-dev/21st/tree/main/distribution/source",
      "scope": "project",
      "harness": "claude",
      "path": "D:\\imgcategoring\\.claude\\skills\\21st-cli-use\\SKILL.md",
      "bundledScripts": [],
      "capabilities": [],
      "external": false,
      "trust": "first-party",
      "installedAt": "2026-10-06T12:05:44.842Z"
    },
    {
      "name": "21st-cli-use",
      "version": "1.0.1",
      "hash": "88ff054abb4334a5095462dd20b5c4ec214c9b99f3256eae60dadb384d136bca",
      "owner": "21st.dev",
      "license": "MIT",
      "source": "https://github.com/21st-dev/21st/tree/main/distribution/source",
      "scope": "project",
      "harness": "cursor",
      "path": "D:\\imgcategoring\\.cursor\\skills\\21st-cli-use\\SKILL.md",
      "bundledScripts": [],
      "capabilities": [],
      "external": false,
      "trust": "first-party",
      "installedAt": "2026-10-06T12:05:44.858Z"
    },
    {
      "name": "21st-cli-use",
      "version": "1.0.1",
      "hash": "88ff054abb4334a5095462dd20b5c4ec214c9b99f3256eae60dadb384d136bca",
      "owner": "21st.dev",
      "license": "MIT",
      "source": "https://github.com/21st-dev/21st/tree/main/distribution/source",
      "scope": "project",
      "harness": "codex",
      "path": "D:\\imgcategoring\\.codex\\skills\\21st-cli-use\\SKILL.md",
      "bundledScripts": [],
      "capabilities": [],
      "external": false,
      "trust": "first-party",
      "installedAt": "2026-10-06T12:05:44.865Z"
    },
    {
      "name": "21st-ai",
      "version": "1.0.1",
      "hash": "229119802d835ec000e860186ffab60dac272b7aeb2ef2fd90d5f9780c786012",
      "owner": "21st.dev",
      "license": "MIT",
      "source": "https://github.com/21st-dev/21st/tree/main/distribution/source",
      "scope": "project",
      "harness": "claude",
      "path": "D:\\imgcategoring\\.claude\\skills\\21st-ai\\SKILL.md",
      "bundledScripts": [],
      "capabilities": [],
      "external": false,
      "trust": "first-party",
      "installedAt": "2026-10-06T12:05:44.869Z"
    },
    {
      "name": "21st-ai",
      "version": "1.0.1",
      "hash": "229119802d835ec000e860186ffab60dac272b7aeb2ef2fd90d5f9780c786012",
      "owner": "21st.dev",
      "license": "MIT",
      "source": "https://github.com/21st-dev/21st/tree/main/distribution/source",
      "scope": "project",
      "harness": "cursor",
      "path": "D:\\imgcategoring\\.cursor\\skills\\21st-ai\\SKILL.md",
      "bundledScripts": [],
      "capabilities": [],
      "external": false,
      "trust": "first-party",
      "installedAt": "2026-10-06T12:05:44.872Z"
    },
    {
      "name": "21st-ai",
      "version": "1.0.1",
      "hash": "229119802d835ec000e860186ffab60dac272b7aeb2ef2fd90d5f9780c786012",
      "owner": "21st.dev",
      "license": "MIT",
      "source": "https://github.com/21st-dev/21st/tree/main/distribution/source",
      "scope": "project",
      "harness": "codex",
      "path": "D:\\imgcategoring\\.codex\\skills\\21st-ai\\SKILL.md",
      "bundledScripts": [],
      "capabilities": [],
      "external": false,
      "trust": "first-party",
      "installedAt": "2026-10-06T12:05:44.875Z"
    },
    {
      "name": "21st-registry",
      "version": "1.0.0",
      "hash": "b1dd7ca00383b73d89bfa6b26e8bcd9724c8f03c83b2c66abd70bdae18a09b74",
      "owner": "21st.dev",
      "license": "MIT",
      "source": "https://github.com/21st-dev/21st/tree/main/distribution/source",
      "scope": "project",
      "harness": "claude",
      "path": "D:\\imgcategoring\\.claude\\skills\\21st-registry\\SKILL.md",
      "bundledScripts": [],
      "capabilities": [],
      "external": false,
      "trust": "first-party",
      "installedAt": "2026-10-06T12:05:44.877Z"
    },
    {
      "name": "21st-registry",
      "version": "1.0.0",
      "hash": "b1dd7ca00383b73d89bfa6b26e8bcd9724c8f03c83b2c66abd70bdae18a09b74",
      "owner": "21st.dev",
      "license": "MIT",
      "source": "https://github.com/21st-dev/21st/tree/main/distribution/source",
      "scope": "project",
      "harness": "cursor",
      "path": "D:\\imgcategoring\\.cursor\\skills\\21st-registry\\SKILL.md",
      "bundledScripts": [],
      "capabilities": [],
      "external": false,
      "trust": "first-party",
      "installedAt": "2026-10-06T12:05:44.879Z"
    },
    {
      "name": "21st-registry",
      "version": "1.0.0",
      "hash": "b1dd7ca00383b73d89bfa6b26e8bcd9724c8f03c83b2c66abd70bdae18a09b74",
      "owner": "21st.dev",
      "license": "MIT",
      "source": "https://github.com/21st-dev/21st/tree/main/distribution/source",
      "scope": "project",
      "harness": "codex",
      "path": "D:\\imgcategoring\\.codex\\skills\\21st-registry\\SKILL.md",
      "bundledScripts": [],
      "capabilities": [],
      "external": false,
      "trust": "first-party",
      "installedAt": "2026-10-06T12:05:44.883Z"
    },
    {
      "name": "21st-design-sync",
      "version": "1.0.0",
      "hash": "65cc94c842e066f69d8914af3dd94923545418b28e1fb23059473bff52bd0fe4",
      "owner": "21st.dev",
      "license": "MIT",
      "source": "https://github.com/21st-dev/21st/tree/main/distribution/source",
      "scope": "project",
      "harness": "claude",
      "path": "D:\\imgcategoring\\.claude\\skills\\21st-design-sync\\SKILL.md",
      "bundledScripts": [],
      "capabilities": [],
      "external": false,
      "trust": "first-party",
      "installedAt": "2026-10-06T12:05:44.885Z"
    },
    {
      "name": "21st-design-sync",
      "version": "1.0.0",
      "hash": "65cc94c842e066f69d8914af3dd94923545418b28e1fb23059473bff52bd0fe4",
      "owner": "21st.dev",
      "license": "MIT",
      "source": "https://github.com/21st-dev/21st/tree/main/distribution/source",
      "scope": "project",
      "harness": "cursor",
      "path": "D:\\imgcategoring\\.cursor\\skills\\21st-design-sync\\SKILL.md",
      "bundledScripts": [],
      "capabilities": [],
      "external": false,
      "trust": "first-party",
      "installedAt": "2026-10-06T12:05:44.887Z"
    },
    {
      "name": "21st-design-sync",
      "version": "1.0.0",
      "hash": "65cc94c842e066f69d8914af3dd94923545418b28e1fb23059473bff52bd0fe4",
      "owner": "21st.dev",
      "license": "MIT",
      "source": "https://github.com/21st-dev/21st/tree/main/distribution/source",
      "scope": "project",
      "harness": "codex",
      "path": "D:\\imgcategoring\\.codex\\skills\\21st-design-sync\\SKILL.md",
      "bundledScripts": [],
      "capabilities": [],
      "external": false,
      "trust": "first-party",
      "installedAt": "2026-10-06T12:05:44.888Z"
    },
    {
      "name": "21st-ui-build",
      "version": "1.0.1",
      "hash": "151dbc3e97289a4ba945438f6552c0f597a40d8b5b1dc5d917dd9a5b65389641",
      "owner": "21st.dev",
      "license": "MIT",
      "source": "https://github.com/21st-dev/21st/tree/main/distribution/source",
      "scope": "project",
      "harness": "claude",
      "path": "D:\\imgcategoring\\.claude\\skills\\21st-ui-build\\SKILL.md",
      "bundledScripts": [],
      "capabilities": [],
      "external": false,
      "trust": "first-party",
      "installedAt": "2026-10-06T12:05:44.890Z"
    },
    {
      "name": "21st-ui-build",
      "version": "1.0.1",
      "hash": "151dbc3e97289a4ba945438f6552c0f597a40d8b5b1dc5d917dd9a5b65389641",
      "owner": "21st.dev",
      "license": "MIT",
      "source": "https://github.com/21st-dev/21st/tree/main/distribution/source",
      "scope": "project",
      "harness": "cursor",
      "path": "D:\\imgcategoring\\.cursor\\skills\\21st-ui-build\\SKILL.md",
      "bundledScripts": [],
      "capabilities": [],
      "external": false,
      "trust": "first-party",
      "installedAt": "2026-10-06T12:05:44.891Z"
    },
    {
      "name": "21st-ui-build",
      "version": "1.0.1",
      "hash": "151dbc3e97289a4ba945438f6552c0f597a40d8b5b1dc5d917dd9a5b65389641",
      "owner": "21st.dev",
      "license": "MIT",
      "source": "https://github.com/21st-dev/21st/tree/main/distribution/source",
      "scope": "project",
      "harness": "codex",
      "path": "D:\\imgcategoring\\.codex\\skills\\21st-ui-build\\SKILL.md",
      "bundledScripts": [],
      "capabilities": [],
      "external": false,
      "trust": "first-party",
      "installedAt": "2026-10-06T12:05:44.893Z"
    },
    {
      "name": "21st-ui-explore",
      "version": "1.0.1",
      "hash": "1b94d8d00e7ae87c3737e37c2019cbdc680393ef17a96388e9845f541367f1ec",
      "owner": "21st.dev",
      "license": "MIT",
      "source": "https://github.com/21st-dev/21st/tree/main/distribution/source",
      "scope": "project",
      "harness": "claude",
      "path": "D:\\imgcategoring\\.claude\\skills\\21st-ui-explore\\SKILL.md",
      "bundledScripts": [],
      "capabilities": [],
      "external": false,
      "trust": "first-party",
      "installedAt": "2026-10-06T12:05:44.896Z"
    },
    {
      "name": "21st-ui-explore",
      "version": "1.0.1",
      "hash": "1b94d8d00e7ae87c3737e37c2019cbdc680393ef17a96388e9845f541367f1ec",
      "owner": "21st.dev",
      "license": "MIT",
      "source": "https://github.com/21st-dev/21st/tree/main/distribution/source",
      "scope": "project",
      "harness": "cursor",
      "path": "D:\\imgcategoring\\.cursor\\skills\\21st-ui-explore\\SKILL.md",
      "bundledScripts": [],
      "capabilities": [],
      "external": false,
      "trust": "first-party",
      "installedAt": "2026-10-06T12:05:44.898Z"
    },
    {
      "name": "21st-ui-explore",
      "version": "1.0.1",
      "hash": "1b94d8d00e7ae87c3737e37c2019cbdc680393ef17a96388e9845f541367f1ec",
      "owner": "21st.dev",
      "license": "MIT",
      "source": "https://github.com/21st-dev/21st/tree/main/distribution/source",
      "scope": "project",
      "harness": "codex",
      "path": "D:\\imgcategoring\\.codex\\skills\\21st-ui-explore\\SKILL.md",
      "bundledScripts": [],
      "capabilities": [],
      "external": false,
      "trust": "first-party",
      "installedAt": "2026-10-06T12:05:44.900Z"
    },
    {
      "name": "21st-ui-review",
      "version": "1.0.0",
      "hash": "78939e830bceb64b8e2d32f831b80472008d5d2e50b31c8a8f38af5e5a015088",
      "owner": "21st.dev",
      "license": "MIT",
      "source": "https://github.com/21st-dev/21st/tree/main/distribution/source",
      "scope": "project",
      "harness": "claude",
      "path": "D:\\imgcategoring\\.claude\\skills\\21st-ui-review\\SKILL.md",
      "bundledScripts": [],
      "capabilities": [],
      "external": false,
      "trust": "first-party",
      "installedAt": "2026-10-06T12:05:44.902Z"
    },
    {
      "name": "21st-ui-review",
      "version": "1.0.0",
      "hash": "78939e830bceb64b8e2d32f831b80472008d5d2e50b31c8a8f38af5e5a015088",
      "owner": "21st.dev",
      "license": "MIT",
      "source": "https://github.com/21st-dev/21st/tree/main/distribution/source",
      "scope": "project",
      "harness": "cursor",
      "path": "D:\\imgcategoring\\.cursor\\skills\\21st-ui-review\\SKILL.md",
      "bundledScripts": [],
      "capabilities": [],
      "external": false,
      "trust": "first-party",
      "installedAt": "2026-10-06T12:05:44.905Z"
    },
    {
      "name": "21st-ui-review",
      "version": "1.0.0",
      "hash": "78939e830bceb64b8e2d32f831b80472008d5d2e50b31c8a8f38af5e5a015088",
      "owner": "21st.dev",
      "license": "MIT",
      "source": "https://github.com/21st-dev/21st/tree/main/distribution/source",
      "scope": "project",
      "harness": "codex",
      "path": "D:\\imgcategoring\\.codex\\skills\\21st-ui-review\\SKILL.md",
      "bundledScripts": [],
      "capabilities": [],
      "external": false,
      "trust": "first-party",
      "installedAt": "2026-10-06T12:05:44.906Z"
    }
  ]
}
